// !$*UTF8*$!
{
	archiveVersion = 1;
	classes = {
	};
	objectVersion = 55;
	objects = {

/* Begin PBXBuildFile section */
		2C03E6B828F820420053CC55 /* AppDelegate.swift in Sources */ = {isa = PBXBuildFile; fileRef = 2C03E6B728F820420053CC55 /* AppDelegate.swift */; };
		2C03E6BA28F820420053CC55 /* SceneDelegate.swift in Sources */ = {isa = PBXBuildFile; fileRef = 2C03E6B928F820420053CC55 /* SceneDelegate.swift */; };
		2C03E6BC28F820420053CC55 /* MenuViewController.swift in Sources */ = {isa = PBXBuildFile; fileRef = 2C03E6BB28F820420053CC55 /* MenuViewController.swift */; };
		2C03E6BF28F820420053CC55 /* Main.storyboard in Resources */ = {isa = PBXBuildFile; fileRef = 2C03E6BD28F820420053CC55 /* Main.storyboard */; };
		2C03E6C228F820420053CC55 /* FoodApp.xcdatamodeld in Sources */ = {isa = PBXBuildFile; fileRef = 2C03E6C028F820420053CC55 /* FoodApp.xcdatamodeld */; };
		2C03E6C428F820450053CC55 /* Assets.xcassets in Resources */ = {isa = PBXBuildFile; fileRef = 2C03E6C328F820450053CC55 /* Assets.xcassets */; };
		2C03E6C728F820450053CC55 /* LaunchScreen.storyboard in Resources */ = {isa = PBXBuildFile; fileRef = 2C03E6C528F820450053CC55 /* LaunchScreen.storyboard */; };
		2C03E6CF28F821D80053CC55 /* ContactsViewController.swift in Sources */ = {isa = PBXBuildFile; fileRef = 2C03E6CE28F821D80053CC55 /* ContactsViewController.swift */; };
		2C03E6D128F823C00053CC55 /* ProfileViewController.swift in Sources */ = {isa = PBXBuildFile; fileRef = 2C03E6D028F823C00053CC55 /* ProfileViewController.swift */; };
		2C03E6D328F823F50053CC55 /* BasketViewController.swift in Sources */ = {isa = PBXBuildFile; fileRef = 2C03E6D228F823F50053CC55 /* BasketViewController.swift */; };
		2C03E6D728F86DD40053CC55 /* PizzaViewModel.swift in Sources */ = {isa = PBXBuildFile; fileRef = 2C03E6D628F86DD40053CC55 /* PizzaViewModel.swift */; };
		2C03E6DC28F916C10053CC55 /* MenuTableViewCell.swift in Sources */ = {isa = PBXBuildFile; fileRef = 2C03E6DB28F916C10053CC55 /* MenuTableViewCell.swift */; };
		2C03E6DF28F92E960053CC55 /* CitiesTableViewController.swift in Sources */ = {isa = PBXBuildFile; fileRef = 2C03E6DE28F92E960053CC55 /* CitiesTableViewController.swift */; };
		2C03E6E128F9339B0053CC55 /* CityModel.swift in Sources */ = {isa = PBXBuildFile; fileRef = 2C03E6E028F9339B0053CC55 /* CityModel.swift */; };
		2C03E6E328F938880053CC55 /* CitiesTableViewCell.swift in Sources */ = {isa = PBXBuildFile; fileRef = 2C03E6E228F938870053CC55 /* CitiesTableViewCell.swift */; };
		2CBC9D3328F99C8A00734A77 /* BannerModel.swift in Sources */ = {isa = PBXBuildFile; fileRef = 2CBC9D3228F99C8A00734A77 /* BannerModel.swift */; };
		2CBC9D3728F99FA200734A77 /* BannerCollectionViewCell.swift in Sources */ = {isa = PBXBuildFile; fileRef = 2CBC9D3628F99FA200734A77 /* BannerCollectionViewCell.swift */; };
/* End PBXBuildFile section */

/* Begin PBXFileReference section */
		2C03E6B428F820420053CC55 /* FoodApp.app */ = {isa = PBXFileReference; explicitFileType = wrapper.application; includeInIndex = 0; path = FoodApp.app; sourceTree = BUILT_PRODUCTS_DIR; };
		2C03E6B728F820420053CC55 /* AppDelegate.swift */ = {isa = PBXFileReference; lastKnownFileType = sourcecode.swift; path = AppDelegate.swift; sourceTree = "<group>"; };
		2C03E6B928F820420053CC55 /* SceneDelegate.swift */ = {isa = PBXFileReference; lastKnownFileType = sourcecode.swift; path = SceneDelegate.swift; sourceTree = "<group>"; };
		2C03E6BB28F820420053CC55 /* MenuViewController.swift */ = {isa = PBXFileReference; lastKnownFileType = sourcecode.swift; path = MenuViewController.swift; sourceTree = "<group>"; };
		2C03E6BE28F820420053CC55 /* Base */ = {isa = PBXFileReference; lastKnownFileType = file.storyboard; name = Base; path = Base.lproj/Main.storyboard; sourceTree = "<group>"; };
		2C03E6C128F820420053CC55 /* FoodApp.xcdatamodel */ = {isa = PBXFileReference; lastKnownFileType = wrapper.xcdatamodel; path = FoodApp.xcdatamodel; sourceTree = "<group>"; };
		2C03E6C328F820450053CC55 /* Assets.xcassets */ = {isa = PBXFileReference; lastKnownFileType = folder.assetcatalog; path = Assets.xcassets; sourceTree = "<group>"; };
		2C03E6C628F820450053CC55 /* Base */ = {isa = PBXFileReference; lastKnownFileType = file.storyboard; name = Base; path = Base.lproj/LaunchScreen.storyboard; sourceTree = "<group>"; };
		2C03E6C828F820450053CC55 /* Info.plist */ = {isa = PBXFileReference; lastKnownFileType = text.plist.xml; path = Info.plist; sourceTree = "<group>"; };
		2C03E6CE28F821D80053CC55 /* ContactsViewController.swift */ = {isa = PBXFileReference; lastKnownFileType = sourcecode.swift; path = ContactsViewController.swift; sourceTree = "<group>"; };
		2C03E6D028F823C00053CC55 /* ProfileViewController.swift */ = {isa = PBXFileReference; lastKnownFileType = sourcecode.swift; path = ProfileViewController.swift; sourceTree = "<group>"; };
		2C03E6D228F823F50053CC55 /* BasketViewController.swift */ = {isa = PBXFileReference; lastKnownFileType = sourcecode.swift; path = BasketViewController.swift; sourceTree = "<group>"; };
		2C03E6D628F86DD40053CC55 /* PizzaViewModel.swift */ = {isa = PBXFileReference; lastKnownFileType = sourcecode.swift; path = PizzaViewModel.swift; sourceTree = "<group>"; };
		2C03E6DB28F916C10053CC55 /* MenuTableViewCell.swift */ = {isa = PBXFileReference; lastKnownFileType = sourcecode.swift; path = MenuTableViewCell.swift; sourceTree = "<group>"; };
		2C03E6DE28F92E960053CC55 /* CitiesTableViewController.swift */ = {isa = PBXFileReference; lastKnownFileType = sourcecode.swift; path = CitiesTableViewController.swift; sourceTree = "<group>"; };
		2C03E6E028F9339B0053CC55 /* CityModel.swift */ = {isa = PBXFileReference; lastKnownFileType = sourcecode.swift; path = CityModel.swift; sourceTree = "<group>"; };
		2C03E6E228F938870053CC55 /* CitiesTableViewCell.swift */ = {isa = PBXFileReference; lastKnownFileType = sourcecode.swift; path = CitiesTableViewCell.swift; sourceTree = "<group>"; };
		2CBC9D3228F99C8A00734A77 /* BannerModel.swift */ = {isa = PBXFileReference; lastKnownFileType = sourcecode.swift; path = BannerModel.swift; sourceTree = "<group>"; };
		2CBC9D3628F99FA200734A77 /* BannerCollectionViewCell.swift */ = {isa = PBXFileReference; lastKnownFileType = sourcecode.swift; path = BannerCollectionViewCell.swift; sourceTree = "<group>"; };
/* End PBXFileReference section */

/* Begin PBXFrameworksBuildPhase section */
		2C03E6B128F820420053CC55 /* Frameworks */ = {
			isa = PBXFrameworksBuildPhase;
			buildActionMask = 2147483647;
			files = (
			);
			runOnlyForDeploymentPostprocessing = 0;
		};
/* End PBXFrameworksBuildPhase section */

/* Begin PBXGroup section */
		2C03E6AB28F820420053CC55 = {
			isa = PBXGroup;
			children = (
				2C03E6B628F820420053CC55 /* FoodApp */,
				2C03E6B528F820420053CC55 /* Products */,
			);
			sourceTree = "<group>";
		};
		2C03E6B528F820420053CC55 /* Products */ = {
			isa = PBXGroup;
			children = (
				2C03E6B428F820420053CC55 /* FoodApp.app */,
			);
			name = Products;
			sourceTree = "<group>";
		};
		2C03E6B628F820420053CC55 /* FoodApp */ = {
			isa = PBXGroup;
			children = (
				2C03E6DA28F916490053CC55 /* Delegates */,
				2C03E6D928F916350053CC55 /* DataModel */,
				2C03E6DD28F916D30053CC55 /* Main View Controller */,
				2C03E6D828F916100053CC55 /* Unused ViewControllers */,
				2C03E6BD28F820420053CC55 /* Main.storyboard */,
				2C03E6C328F820450053CC55 /* Assets.xcassets */,
				2C03E6C528F820450053CC55 /* LaunchScreen.storyboard */,
				2C03E6C828F820450053CC55 /* Info.plist */,
				2C03E6C028F820420053CC55 /* FoodApp.xcdatamodeld */,
			);
			path = FoodApp;
			sourceTree = "<group>";
		};
		2C03E6D828F916100053CC55 /* Unused ViewControllers */ = {
			isa = PBXGroup;
			children = (
				2C03E6CE28F821D80053CC55 /* ContactsViewController.swift */,
				2C03E6D228F823F50053CC55 /* BasketViewController.swift */,
				2C03E6D028F823C00053CC55 /* ProfileViewController.swift */,
			);
			path = "Unused ViewControllers";
			sourceTree = "<group>";
		};
		2C03E6D928F916350053CC55 /* DataModel */ = {
			isa = PBXGroup;
			children = (
				2C03E6D628F86DD40053CC55 /* PizzaViewModel.swift */,
				2C03E6E028F9339B0053CC55 /* CityModel.swift */,
				2CBC9D3228F99C8A00734A77 /* BannerModel.swift */,
			);
			path = DataModel;
			sourceTree = "<group>";
		};
		2C03E6DA28F916490053CC55 /* Delegates */ = {
			isa = PBXGroup;
			children = (
				2C03E6B728F820420053CC55 /* AppDelegate.swift */,
				2C03E6B928F820420053CC55 /* SceneDelegate.swift */,
			);
			path = Delegates;
			sourceTree = "<group>";
		};
		2C03E6DD28F916D30053CC55 /* Main View Controller */ = {
			isa = PBXGroup;
			children = (
				2CBC9D3428F99DD600734A77 /* Menu */,
				2CBC9D3528F99DE100734A77 /* Cities */,
			);
			path = "Main View Controller";
			sourceTree = "<group>";
		};
		2CBC9D3428F99DD600734A77 /* Menu */ = {
			isa = PBXGroup;
			children = (
				2C03E6BB28F820420053CC55 /* MenuViewController.swift */,
				2CBC9D3628F99FA200734A77 /* BannerCollectionViewCell.swift */,
				2C03E6DB28F916C10053CC55 /* MenuTableViewCell.swift */,
			);
			path = Menu;
			sourceTree = "<group>";
		};
		2CBC9D3528F99DE100734A77 /* Cities */ = {
			isa = PBXGroup;
			children = (
				2C03E6DE28F92E960053CC55 /* CitiesTableViewController.swift */,
				2C03E6E228F938870053CC55 /* CitiesTableViewCell.swift */,
			);
			path = Cities;
			sourceTree = "<group>";
		};
/* End PBXGroup section */

/* Begin PBXNativeTarget section */
		2C03E6B328F820420053CC55 /* FoodApp */ = {
			isa = PBXNativeTarget;
			buildConfigurationList = 2C03E6CB28F820450053CC55 /* Build configuration list for PBXNativeTarget "FoodApp" */;
			buildPhases = (
				2C03E6B028F820420053CC55 /* Sources */,
				2C03E6B128F820420053CC55 /* Frameworks */,
				2C03E6B228F820420053CC55 /* Resources */,
			);
			buildRules = (
			);
			dependencies = (
			);
			name = FoodApp;
			productName = FoodApp;
			productReference = 2C03E6B428F820420053CC55 /* FoodApp.app */;
			productType = "com.apple.product-type.application";
		};
/* End PBXNativeTarget section */

/* Begin PBXProject section */
		2C03E6AC28F820420053CC55 /* Project object */ = {
			isa = PBXProject;
			attributes = {
				BuildIndependentTargetsInParallel = 1;
				LastSwiftUpdateCheck = 1340;
				LastUpgradeCheck = 1340;
				TargetAttributes = {
					2C03E6B328F820420053CC55 = {
						CreatedOnToolsVersion = 13.4.1;
					};
				};
			};
			buildConfigurationList = 2C03E6AF28F820420053CC55 /* Build configuration list for PBXProject "FoodApp" */;
			compatibilityVersion = "Xcode 13.0";
			developmentRegion = en;
			hasScannedForEncodings = 0;
			knownRegions = (
				en,
				Base,
			);
			mainGroup = 2C03E6AB28F820420053CC55;
			productRefGroup = 2C03E6B528F820420053CC55 /* Products */;
			projectDirPath = "";
			projectRoot = "";
			targets = (
				2C03E6B328F820420053CC55 /* FoodApp */,
			);
		};
/* End PBXProject section */

/* Begin PBXResourcesBuildPhase section */
		2C03E6B228F820420053CC55 /* Resources */ = {
			isa = PBXResourcesBuildPhase;
			buildActionMask = 2147483647;
			files = (
				2C03E6C728F820450053CC55 /* LaunchScreen.storyboard in Resources */,
				2C03E6C428F820450053CC55 /* Assets.xcassets in Resources */,
				2C03E6BF28F820420053CC55 /* Main.storyboard in Resources */,
			);
			runOnlyForDeploymentPostprocessing = 0;
		};
/* End PBXResourcesBuildPhase section */

/* Begin PBXSourcesBuildPhase section */
		2C03E6B028F820420053CC55 /* Sources */ = {
			isa = PBXSourcesBuildPhase;
			buildActionMask = 2147483647;
			files = (
				2C03E6D128F823C00053CC55 /* ProfileViewController.swift in Sources */,
				2C03E6E328F938880053CC55 /* CitiesTableViewCell.swift in Sources */,
				2C03E6BC28F820420053CC55 /* MenuViewController.swift in Sources */,
				2C03E6D728F86DD40053CC55 /* PizzaViewModel.swift in Sources */,
				2C03E6D328F823F50053CC55 /* BasketViewController.swift in Sources */,
				2C03E6DC28F916C10053CC55 /* MenuTableViewCell.swift in Sources */,
				2C03E6C228F820420053CC55 /* FoodApp.xcdatamodeld in Sources */,
				2C03E6B828F820420053CC55 /* AppDelegate.swift in Sources */,
				2CBC9D3328F99C8A00734A77 /* BannerModel.swift in Sources */,
				2C03E6BA28F820420053CC55 /* SceneDelegate.swift in Sources */,
				2CBC9D3728F99FA200734A77 /* BannerCollectionViewCell.swift in Sources */,
				2C03E6DF28F92E960053CC55 /* CitiesTableViewController.swift in Sources */,
				2C03E6E128F9339B0053CC55 /* CityModel.swift in Sources */,
				2C03E6CF28F821D80053CC55 /* ContactsViewController.swift in Sources */,
			);
			runOnlyForDeploymentPostprocessing = 0;
		};
/* End PBXSourcesBuildPhase section */

/* Begin PBXVariantGroup section */
		2C03E6BD28F820420053CC55 /* Main.storyboard */ = {
			isa = PBXVariantGroup;
			children = (
				2C03E6BE28F820420053CC55 /* Base */,
			);
			name = Main.storyboard;
			sourceTree = "<group>";
		};
		2C03E6C528F820450053CC55 /* LaunchScreen.storyboard */ = {
			isa = PBXVariantGroup;
			children = (
				2C03E6C628F820450053CC55 /* Base */,
			);
			name = LaunchScreen.storyboard;
			sourceTree = "<group>";
		};
/* End PBXVariantGroup section */

/* Begin XCBuildConfiguration section */
		2C03E6C928F820450053CC55 /* Debug */ = {
			isa = XCBuildConfiguration;
			buildSettings = {
				ALWAYS_SEARCH_USER_PATHS = NO;
				CLANG_ANALYZER_NONNULL = YES;
				CLANG_ANALYZER_NUMBER_OBJECT_CONVERSION = YES_AGGRESSIVE;
				CLANG_CXX_LANGUAGE_STANDARD = "gnu++17";
				CLANG_ENABLE_MODULES = YES;
				CLANG_ENABLE_OBJC_ARC = YES;
				CLANG_ENABLE_OBJC_WEAK = YES;
				CLANG_WARN_BLOCK_CAPTURE_AUTORELEASING = YES;
				CLANG_WARN_BOOL_CONVERSION = YES;
				CLANG_WARN_COMMA = YES;
				CLANG_WARN_CONSTANT_CONVERSION = YES;
				CLANG_WARN_DEPRECATED_OBJC_IMPLEMENTATIONS = YES;
				CLANG_WARN_DIRECT_OBJC_ISA_USAGE = YES_ERROR;
				CLANG_WARN_DOCUMENTATION_COMMENTS = YES;
				CLANG_WARN_EMPTY_BODY = YES;
				CLANG_WARN_ENUM_CONVERSION = YES;
				CLANG_WARN_INFINITE_RECURSION = YES;
				CLANG_WARN_INT_CONVERSION = YES;
				CLANG_WARN_NON_LITERAL_NULL_CONVERSION = YES;
				CLANG_WARN_OBJC_IMPLICIT_RETAIN_SELF = YES;
				CLANG_WARN_OBJC_LITERAL_CONVERSION = YES;
				CLANG_WARN_OBJC_ROOT_CLASS = YES_ERROR;
				CLANG_WARN_QUOTED_INCLUDE_IN_FRAMEWORK_HEADER = YES;
				CLANG_WARN_RANGE_LOOP_ANALYSIS = YES;
				CLANG_WARN_STRICT_PROTOTYPES = YES;
				CLANG_WARN_SUSPICIOUS_MOVE = YES;
				CLANG_WARN_UNGUARDED_AVAILABILITY = YES_AGGRESSIVE;
				CLANG_WARN_UNREACHABLE_CODE = YES;
				CLANG_WARN__DUPLICATE_METHOD_MATCH = YES;
				COPY_PHASE_STRIP = NO;
				DEBUG_INFORMATION_FORMAT = dwarf;
				ENABLE_STRICT_OBJC_MSGSEND = YES;
				ENABLE_TESTABILITY = YES;
				GCC_C_LANGUAGE_STANDARD = gnu11;
				GCC_DYNAMIC_NO_PIC = NO;
				GCC_NO_COMMON_BLOCKS = YES;
				GCC_OPTIMIZATION_LEVEL = 0;
				GCC_PREPROCESSOR_DEFINITIONS = (
					"DEBUG=1",
					"$(inherited)",
				);
				GCC_WARN_64_TO_32_BIT_CONVERSION = YES;
				GCC_WARN_ABOUT_RETURN_TYPE = YES_ERROR;
				GCC_WARN_UNDECLARED_SELECTOR = YES;
				GCC_WARN_UNINITIALIZED_AUTOS = YES_AGGRESSIVE;
				GCC_WARN_UNUSED_FUNCTION = YES;
				GCC_WARN_UNUSED_VARIABLE = YES;
				IPHONEOS_DEPLOYMENT_TARGET = 15.5;
				MTL_ENABLE_DEBUG_INFO = INCLUDE_SOURCE;
				MTL_FAST_MATH = YES;
				ONLY_ACTIVE_ARCH = YES;
				SDKROOT = iphoneos;
				SWIFT_ACTIVE_COMPILATION_CONDITIONS = DEBUG;
				SWIFT_OPTIMIZATION_LEVEL = "-Onone";
			};
			name = Debug;
		};
		2C03E6CA28F820450053CC55 /* Release */ = {
			isa = XCBuildConfiguration;
			buildSettings = {
				ALWAYS_SEARCH_USER_PATHS = NO;
				CLANG_ANALYZER_NONNULL = YES;
				CLANG_ANALYZER_NUMBER_OBJECT_CONVERSION = YES_AGGRESSIVE;
				CLANG_CXX_LANGUAGE_STANDARD = "gnu++17";
				CLANG_ENABLE_MODULES = YES;
				CLANG_ENABLE_OBJC_ARC = YES;
				CLANG_ENABLE_OBJC_WEAK = YES;
				CLANG_WARN_BLOCK_CAPTURE_AUTORELEASING = YES;
				CLANG_WARN_BOOL_CONVERSION = YES;
				CLANG_WARN_COMMA = YES;
				CLANG_WARN_CONSTANT_CONVERSION = YES;
				CLANG_WARN_DEPRECATED_OBJC_IMPLEMENTATIONS = YES;
				CLANG_WARN_DIRECT_OBJC_ISA_USAGE = YES_ERROR;
				CLANG_WARN_DOCUMENTATION_COMMENTS = YES;
				CLANG_WARN_EMPTY_BODY = YES;
				CLANG_WARN_ENUM_CONVERSION = YES;
				CLANG_WARN_INFINITE_RECURSION = YES;
				CLANG_WARN_INT_CONVERSION = YES;
				CLANG_WARN_NON_LITERAL_NULL_CONVERSION = YES;
				CLANG_WARN_OBJC_IMPLICIT_RETAIN_SELF = YES;
				CLANG_WARN_OBJC_LITERAL_CONVERSION = YES;
				CLANG_WARN_OBJC_ROOT_CLASS = YES_ERROR;
				CLANG_WARN_QUOTED_INCLUDE_IN_FRAMEWORK_HEADER = YES;
				CLANG_WARN_RANGE_LOOP_ANALYSIS = YES;
				CLANG_WARN_STRICT_PROTOTYPES = YES;
				CLANG_WARN_SUSPICIOUS_MOVE = YES;
				CLANG_WARN_UNGUARDED_AVAILABILITY = YES_AGGRESSIVE;
				CLANG_WARN_UNREACHABLE_CODE = YES;
				CLANG_WARN__DUPLICATE_METHOD_MATCH = YES;
				COPY_PHASE_STRIP = NO;
				DEBUG_INFORMATION_FORMAT = "dwarf-with-dsym";
				ENABLE_NS_ASSERTIONS = NO;
				ENABLE_STRICT_OBJC_MSGSEND = YES;
				GCC_C_LANGUAGE_STANDARD = gnu11;
				GCC_NO_COMMON_BLOCKS = YES;
				GCC_WARN_64_TO_32_BIT_CONVERSION = YES;
				GCC_WARN_ABOUT_RETURN_TYPE = YES_ERROR;
				GCC_WARN_UNDECLARED_SELECTOR = YES;
				GCC_WARN_UNINITIALIZED_AUTOS = YES_AGGRESSIVE;
				GCC_WARN_UNUSED_FUNCTION = YES;
				GCC_WARN_UNUSED_VARIABLE = YES;
				IPHONEOS_DEPLOYMENT_TARGET = 15.5;
				MTL_ENABLE_DEBUG_INFO = NO;
				MTL_FAST_MATH = YES;
				SDKROOT = iphoneos;
				SWIFT_COMPILATION_MODE = wholemodule;
				SWIFT_OPTIMIZATION_LEVEL = "-O";
				VALIDATE_PRODUCT = YES;
			};
			name = Release;
		};
		2C03E6CC28F820450053CC55 /* Debug */ = {
			isa = XCBuildConfiguration;
			buildSettings = {
				ASSETCATALOG_COMPILER_APPICON_NAME = AppIcon;
				ASSETCATALOG_COMPILER_GLOBAL_ACCENT_COLOR_NAME = AccentColor;
				CODE_SIGN_STYLE = Automatic;
				CURRENT_PROJECT_VERSION = 1;
				DEVELOPMENT_TEAM = PB66M4729V;
				GENERATE_INFOPLIST_FILE = YES;
				INFOPLIST_FILE = FoodApp/Info.plist;
				INFOPLIST_KEY_UIApplicationSupportsIndirectInputEvents = YES;
				INFOPLIST_KEY_UILaunchStoryboardName = LaunchScreen;
				INFOPLIST_KEY_UIMainStoryboardFile = Main;
				INFOPLIST_KEY_UISupportedInterfaceOrientations_iPad = "UIInterfaceOrientationPortrait UIInterfaceOrientationPortraitUpsideDown UIInterfaceOrientationLandscapeLeft UIInterfaceOrientationLandscapeRight";
				INFOPLIST_KEY_UISupportedInterfaceOrientations_iPhone = "UIInterfaceOrientationPortrait UIInterfaceOrientationLandscapeLeft UIInterfaceOrientationLandscapeRight";
				LD_RUNPATH_SEARCH_PATHS = (
					"$(inherited)",
					"@executable_path/Frameworks",
				);
				MARKETING_VERSION = 1.0;
				PRODUCT_BUNDLE_IDENTIFIER = oomten.FoodApp;
				PRODUCT_NAME = "$(TARGET_NAME)";
				SWIFT_EMIT_LOC_STRINGS = YES;
				SWIFT_VERSION = 5.0;
				TARGETED_DEVICE_FAMILY = "1,2";
			};
			name = Debug;
		};
		2C03E6CD28F820450053CC55 /* Release */ = {
			isa = XCBuildConfiguration;
			buildSettings = {
				ASSETCATALOG_COMPILER_APPICON_NAME = AppIcon;
				ASSETCATALOG_COMPILER_GLOBAL_ACCENT_COLOR_NAME = AccentColor;
				CODE_SIGN_STYLE = Automatic;
				CURRENT_PROJECT_VERSION = 1;
				DEVELOPMENT_TEAM = PB66M4729V;
				GENERATE_INFOPLIST_FILE = YES;
				INFOPLIST_FILE = FoodApp/Info.plist;
				INFOPLIST_KEY_UIApplicationSupportsIndirectInputEvents = YES;
				INFOPLIST_KEY_UILaunchStoryboardName = LaunchScreen;
				INFOPLIST_KEY_UIMainStoryboardFile = Main;
				INFOPLIST_KEY_UISupportedInterfaceOrientations_iPad = "UIInterfaceOrientationPortrait UIInterfaceOrientationPortraitUpsideDown UIInterfaceOrientationLandscapeLeft UIInterfaceOrientationLandscapeRight";
				INFOPLIST_KEY_UISupportedInterfaceOrientations_iPhone = "UIInterfaceOrientationPortrait UIInterfaceOrientationLandscapeLeft UIInterfaceOrientationLandscapeRight";
				LD_RUNPATH_SEARCH_PATHS = (
					"$(inherited)",
					"@executable_path/Frameworks",
				);
				MARKETING_VERSION = 1.0;
				PRODUCT_BUNDLE_IDENTIFIER = oomten.FoodApp;
				PRODUCT_NAME = "$(TARGET_NAME)";
				SWIFT_EMIT_LOC_STRINGS = YES;
				SWIFT_VERSION = 5.0;
				TARGETED_DEVICE_FAMILY = "1,2";
			};
			name = Release;
		};
/* End XCBuildConfiguration section */

/* Begin XCConfigurationList section */
		2C03E6AF28F820420053CC55 /* Build configuration list for PBXProject "FoodApp" */ = {
			isa = XCConfigurationList;
			buildConfigurations = (
				2C03E6C928F820450053CC55 /* Debug */,
				2C03E6CA28F820450053CC55 /* Release */,
			);
			defaultConfigurationIsVisible = 0;
			defaultConfigurationName = Release;
		};
		2C03E6CB28F820450053CC55 /* Build configuration list for PBXNativeTarget "FoodApp" */ = {
			isa = XCConfigurationList;
			buildConfigurations = (
				2C03E6CC28F820450053CC55 /* Debug */,
				2C03E6CD28F820450053CC55 /* Release */,
			);
			defaultConfigurationIsVisible = 0;
			defaultConfigurationName = Release;
		};
/* End XCConfigurationList section */

/* Begin XCVersionGroup section */
		2C03E6C028F820420053CC55 /* FoodApp.xcdatamodeld */ = {
			isa = XCVersionGroup;
			children = (
				2C03E6C128F820420053CC55 /* FoodApp.xcdatamodel */,
			);
			currentVersion = 2C03E6C128F820420053CC55 /* FoodApp.xcdatamodel */;
			path = FoodApp.xcdatamodeld;
			sourceTree = "<group>";
			versionGroupType = wrapper.xcdatamodel;
		};
/* End XCVersionGroup section */
	};
	rootObject = 2C03E6AC28F820420053CC55 /* Project object */;
}
